{
    "_readme": [
        "This file locks the dependencies of your project to a known state",
        "Read more about it at https://getcomposer.org/doc/01-basic-usage.md#installing-dependencies",
        "This file is @generated automatically"
    ],
    "content-hash": "06832888a04f8c891c2f0f557c8132fe",
    "packages": [
        {
            "name": "paquettg/string-encode",
            "version": "0.1.1",
            "source": {
                "type": "git",
                "url": "https://github.com/paquettg/string-encoder.git",
                "reference": "cf08343649701979f581c1601d01247fa3782439"
            },
            "dist": {
                "type": "zip",
                "url": "https://api.github.com/repos/paquettg/string-encoder/zipball/cf08343649701979f581c1601d01247fa3782439",
                "reference": "cf08343649701979f581c1601d01247fa3782439",
                "shasum": ""
            },
            "require": {
                "php": ">=5.4"
            },
            "require-dev": {
                "phpunit/phpunit": "3.7.*"
            },
            "type": "library",
            "autoload": {
                "psr-0": {
                    "stringEncode": "src/"
                }
            },
            "notification-url": "https://packagist.org/downloads/",
            "license": [
                "MIT"
            ],
            "authors": [
                {
                    "name": "Gilles Paquette",
                    "email": "paquettg@gmail.com",
                    "homepage": "http://gillespaquette.ca"
                }
            ],
            "description": "Facilitating the process of altering string encoding in PHP.",
            "homepage": "https://github.com/paquettg/string-encoder",
            "keywords": [
                "charset",
                "encoding",
                "string"
            ],
            "time": "2014-05-29T18:38:09+00:00"
        },
        {
            "name": "seld/jsonlint",
            "version": "1.7.1",
            "source": {
                "type": "git",
                "url": "https://github.com/Seldaek/jsonlint.git",
                "reference": "d15f59a67ff805a44c50ea0516d2341740f81a38"
            },
            "dist": {
                "type": "zip",
                "url": "https://api.github.com/repos/Seldaek/jsonlint/zipball/d15f59a67ff805a44c50ea0516d2341740f81a38",
                "reference": "d15f59a67ff805a44c50ea0516d2341740f81a38",
                "shasum": ""
            },
            "require": {
                "php": "^5.3 || ^7.0"
            },
            "require-dev": {
                "phpunit/phpunit": "^4.8.35 || ^5.7 || ^6.0"
            },
            "bin": [
                "bin/jsonlint"
            ],
            "type": "library",
            "autoload": {
                "psr-4": {
                    "Seld\\JsonLint\\": "src/Seld/JsonLint/"
                }
            },
            "notification-url": "https://packagist.org/downloads/",
            "license": [
                "MIT"
            ],
            "authors": [
                {
                    "name": "Jordi Boggiano",
                    "email": "j.boggiano@seld.be",
                    "homepage": "http://seld.be"
                }
            ],
            "description": "JSON Linter",
            "keywords": [
                "json",
                "linter",
                "parser",
                "validator"
            ],
            "time": "2018-01-24T12:46:19+00:00"
        },
        {
            "name": "thesoftwarefanatics/php-html-parser",
            "version": "1.8.0",
            "source": {
                "type": "git",
                "url": "https://github.com/thesoftwarefanatics/php-html-parser.git",
                "reference": "3502f0b530b20bea9a72361377510553a69e766a"
            },
            "dist": {
                "type": "zip",
                "url": "https://api.github.com/repos/thesoftwarefanatics/php-html-parser/zipball/3502f0b530b20bea9a72361377510553a69e766a",
                "reference": "3502f0b530b20bea9a72361377510553a69e766a",
                "shasum": ""
            },
            "require": {
                "paquettg/string-encode": "^0.1.1",
                "php": "^7.1"
            },
            "replace": {
                "paquettg/php-html-parser": "self.version"
            },
            "require-dev": {
                "mockery/mockery": "^1.0",
                "php-coveralls/php-coveralls": "^2.0",
                "phpunit/phpunit": "^6.5"
            },
            "type": "library",
            "extra": {
                "branch-alias": {
                    "dev-master": "1.8.x-dev"
                }
            },
            "autoload": {
                "psr-0": {
                    "PHPHtmlParser": "src/"
                }
            },
            "notification-url": "https://packagist.org/downloads/",
            "license": [
                "MIT"
            ],
            "authors": [
                {
                    "name": "Gilles Paquette",
                    "email": "paquettg@gmail.com",
                    "homepage": "http://gillespaquette.ca"
                },
                {
                    "name": "The Software Fanatics GmbH",
                    "email": "dev@thesoftwarefanatics.com",
                    "homepage": "https://thesoftwarefanatics.com"
                }
            ],
            "description": "An HTML DOM parser. It allows you to manipulate HTML. Find tags on an HTML page with selectors just like jQuery.",
            "homepage": "https://github.com/thesoftwarefanatics/php-html-parser",
            "keywords": [
                "dom",
                "html",
                "parser"
            ],
            "time": "2018-01-10T14:47:57+00:00"
        }
    ],
    "packages-dev": [],
    "aliases": [],
    "minimum-stability": "stable",
    "stability-flags": [],
    "prefer-stable": false,
    "prefer-lowest": false,
    "platform": {
        "php": ">=7.2",
        "ext-mbstring": "*"
    },
    "platform-dev": []
}
